// !$*UTF8*$!
{
	archiveVersion = 1;
	classes = {
	};
	objectVersion = 46;
	objects = {

/* Begin PBXBuildFile section */
		CF5CA7ED1C32270E003220BF /* main.c in Sources */ = {isa = PBXBuildFile; fileRef = CF5CA7EC1C32270E003220BF /* main.c */; };
		CF5CA7F61C32277C003220BF /* stack.c in Sources */ = {isa = PBXBuildFile; fileRef = CF5CA7F41C32277C003220BF /* stack.c */; };
		CF5CA7FE1C322E28003220BF /* quene.c in Sources */ = {isa = PBXBuildFile; fileRef = CF5CA7FC1C322E28003220BF /* quene.c */; };
		CF5CA8011C322E3A003220BF /* linklist.c in Sources */ = {isa = PBXBuildFile; fileRef = CF5CA7FF1C322E3A003220BF /* linklist.c */; };
		CF5CA8051C323EB5003220BF /* cardGame.c in Sources */ = {isa = PBXBuildFile; fileRef = CF5CA8031C323EB5003220BF /* cardGame.c */; };
/* End PBXBuildFile section */

/* Begin PBXCopyFilesBuildPhase section */
		CF5CA7E71C32270E003220BF /* CopyFiles */ = {
			isa = PBXCopyFilesBuildPhase;
			buildActionMask = 2147483647;
			dstPath = /usr/share/man/man1/;
			dstSubfolderSpec = 0;
			files = (
			);
			runOnlyForDeploymentPostprocessing = 1;
		};
/* End PBXCopyFilesBuildPhase section */

/* Begin PBXFileReference section */
		CF5CA7E91C32270E003220BF /* stackAndSequeneAndLinklist */ = {isa = PBXFileReference; explicitFileType = "compiled.mach-o.executable"; includeInIndex = 0; path = stackAndSequeneAndLinklist; sourceTree = BUILT_PRODUCTS_DIR; };
		CF5CA7EC1C32270E003220BF /* main.c */ = {isa = PBXFileReference; lastKnownFileType = sourcecode.c.c; path = main.c; sourceTree = "<group>"; };
		CF5CA7F41C32277C003220BF /* stack.c */ = {isa = PBXFileReference; fileEncoding = 4; lastKnownFileType = sourcecode.c.c; path = stack.c; sourceTree = "<group>"; };
		CF5CA7F51C32277C003220BF /* stack.h */ = {isa = PBXFileReference; fileEncoding = 4; lastKnownFileType = sourcecode.c.h; path = stack.h; sourceTree = "<group>"; };
		CF5CA7FC1C322E28003220BF /* quene.c */ = {isa = PBXFileReference; fileEncoding = 4; lastKnownFileType = sourcecode.c.c; path = quene.c; sourceTree = "<group>"; };
		CF5CA7FD1C322E28003220BF /* quene.h */ = {isa = PBXFileReference; fileEncoding = 4; lastKnownFileType = sourcecode.c.h; path = quene.h; sourceTree = "<group>"; };
		CF5CA7FF1C322E3A003220BF /* linklist.c */ = {isa = PBXFileReference; fileEncoding = 4; lastKnownFileType = sourcecode.c.c; path = linklist.c; sourceTree = "<group>"; };
		CF5CA8001C322E3A003220BF /* linklist.h */ = {isa = PBXFileReference; fileEncoding = 4; lastKnownFileType = sourcecode.c.h; path = linklist.h; sourceTree = "<group>"; };
		CF5CA8031C323EB5003220BF /* cardGame.c */ = {isa = PBXFileReference; fileEncoding = 4; lastKnownFileType = sourcecode.c.c; path = cardGame.c; sourceTree = "<group>"; };
		CF5CA8041C323EB5003220BF /* cardGame.h */ = {isa = PBXFileReference; fileEncoding = 4; lastKnownFileType = sourcecode.c.h; path = cardGame.h; sourceTree = "<group>"; };
/* End PBXFileReference section */

/* Begin PBXFrameworksBuildPhase section */
		CF5CA7E61C32270E003220BF /* Frameworks */ = {
			isa = PBXFrameworksBuildPhase;
			buildActionMask = 2147483647;
			files = (
			);
			runOnlyForDeploymentPostprocessing = 0;
		};
/* End PBXFrameworksBuildPhase section */

/* Begin PBXGroup section */
		CF5CA7E01C32270E003220BF = {
			isa = PBXGroup;
			children = (
				CF5CA7EB1C32270E003220BF /* stackAndSequeneAndLinklist */,
				CF5CA7EA1C32270E003220BF /* Products */,
			);
			sourceTree = "<group>";
		};
		CF5CA7EA1C32270E003220BF /* Products */ = {
			isa = PBXGroup;
			children = (
				CF5CA7E91C32270E003220BF /* stackAndSequeneAndLinklist */,
			);
			name = Products;
			sourceTree = "<group>";
		};
		CF5CA7EB1C32270E003220BF /* stackAndSequeneAndLinklist */ = {
			isa = PBXGroup;
			children = (
				CF5CA7EC1C32270E003220BF /* main.c */,
				CF5CA8021C323E9D003220BF /* cardGame */,
				CF5CA7FA1C322DFB003220BF /* linklist */,
				CF5CA7FB1C322DFB003220BF /* quene */,
				CF5CA7F31C32276C003220BF /* stack */,
			);
			path = stackAndSequeneAndLinklist;
			sourceTree = "<group>";
		};
		CF5CA7F31C32276C003220BF /* stack */ = {
			isa = PBXGroup;
			children = (
				CF5CA7F41C32277C003220BF /* stack.c */,
				CF5CA7F51C32277C003220BF /* stack.h */,
			);
			path = stack;
			sourceTree = "<group>";
		};
		CF5CA7FA1C322DFB003220BF /* linklist */ = {
			isa = PBXGroup;
			children = (
				CF5CA7FF1C322E3A003220BF /* linklist.c */,
				CF5CA8001C322E3A003220BF /* linklist.h */,
			);
			name = linklist;
			path = stack/linklist;
			sourceTree = "<group>";
		};
		CF5CA7FB1C322DFB003220BF /* quene */ = {
			isa = PBXGroup;
			children = (
				CF5CA7FC1C322E28003220BF /* quene.c */,
				CF5CA7FD1C322E28003220BF /* quene.h */,
			);
			name = quene;
			path = stack/quene;
			sourceTree = "<group>";
		};
		CF5CA8021C323E9D003220BF /* cardGame */ = {
			isa = PBXGroup;
			children = (
				CF5CA8031C323EB5003220BF /* cardGame.c */,
				CF5CA8041C323EB5003220BF /* cardGame.h */,
			);
			path = cardGame;
			sourceTree = "<group>";
		};
/* End PBXGroup section */

/* Begin PBXNativeTarget section */
		CF5CA7E81C32270E003220BF /* stackAndSequeneAndLinklist */ = {
			isa = PBXNativeTarget;
			buildConfigurationList = CF5CA7F01C32270E003220BF /* Build configuration list for PBXNativeTarget "stackAndSequeneAndLinklist" */;
			buildPhases = (
				CF5CA7E51C32270E003220BF /* Sources */,
				CF5CA7E61C32270E003220BF /* Frameworks */,
				CF5CA7E71C32270E003220BF /* CopyFiles */,
			);
			buildRules = (
			);
			dependencies = (
			);
			name = stackAndSequeneAndLinklist;
			productName = stackAndSequeneAndLinklist;
			productReference = CF5CA7E91C32270E003220BF /* stackAndSequeneAndLinklist */;
			productType = "com.apple.product-type.tool";
		};
/* End PBXNativeTarget section */

/* Begin PBXProject section */
		CF5CA7E11C32270E003220BF /* Project object */ = {
			isa = PBXProject;
			attributes = {
				LastUpgradeCheck = 0710;
				ORGANIZATIONNAME = LT;
				TargetAttributes = {
					CF5CA7E81C32270E003220BF = {
						CreatedOnToolsVersion = 7.1;
					};
				};
			};
			buildConfigurationList = CF5CA7E41C32270E003220BF /* Build configuration list for PBXProject "stackAndSequeneAndLinklist" */;
			compatibilityVersion = "Xcode 3.2";
			developmentRegion = English;
			hasScannedForEncodings = 0;
			knownRegions = (
				en,
			);
			mainGroup = CF5CA7E01C32270E003220BF;
			productRefGroup = CF5CA7EA1C32270E003220BF /* Products */;
			projectDirPath = "";
			projectRoot = "";
			targets = (
				CF5CA7E81C32270E003220BF /* stackAndSequeneAndLinklist */,
			);
		};
/* End PBXProject section */

/* Begin PBXSourcesBuildPhase section */
		CF5CA7E51C32270E003220BF /* Sources */ = {
			isa = PBXSourcesBuildPhase;
			buildActionMask = 2147483647;
			files = (
				CF5CA7FE1C322E28003220BF /* quene.c in Sources */,
				CF5CA8011C322E3A003220BF /* linklist.c in Sources */,
				CF5CA7F61C32277C003220BF /* stack.c in Sources */,
				CF5CA8051C323EB5003220BF /* cardGame.c in Sources */,
				CF5CA7ED1C32270E003220BF /* main.c in Sources */,
			);
			runOnlyForDeploymentPostprocessing = 0;
		};
/* End PBXSourcesBuildPhase section */

/* Begin XCBuildConfiguration section */
		CF5CA7EE1C32270E003220BF /* Debug */ = {
			isa = XCBuildConfiguration;
			buildSettings = {
				ALWAYS_SEARCH_USER_PATHS = NO;
				CLANG_CXX_LANGUAGE_STANDARD = "gnu++0x";
				CLANG_CXX_LIBRARY = "libc++";
				CLANG_ENABLE_MODULES = YES;
				CLANG_ENABLE_OBJC_ARC = YES;
				CLANG_WARN_BOOL_CONVERSION = YES;
				CLANG_WARN_CONSTANT_CONVERSION = YES;
				CLANG_WARN_DIRECT_OBJC_ISA_USAGE = YES_ERROR;
				CLANG_WARN_EMPTY_BODY = YES;
				CLANG_WARN_ENUM_CONVERSION = YES;
				CLANG_WARN_INT_CONVERSION = YES;
				CLANG_WARN_OBJC_ROOT_CLASS = YES_ERROR;
				CLANG_WARN_UNREACHABLE_CODE = YES;
				CLANG_WARN__DUPLICATE_METHOD_MATCH = YES;
				CODE_SIGN_IDENTITY = "-";
				COPY_PHASE_STRIP = NO;
				DEBUG_INFORMATION_FORMAT = dwarf;
				ENABLE_STRICT_OBJC_MSGSEND = YES;
				ENABLE_TESTABILITY = YES;
				GCC_C_LANGUAGE_STANDARD = gnu99;
				GCC_DYNAMIC_NO_PIC = NO;
				GCC_NO_COMMON_BLOCKS = YES;
				GCC_OPTIMIZATION_LEVEL = 0;
				GCC_PREPROCESSOR_DEFINITIONS = (
					"DEBUG=1",
					"$(inherited)",
				);
				GCC_WARN_64_TO_32_BIT_CONVERSION = YES;
				GCC_WARN_ABOUT_RETURN_TYPE = YES_ERROR;
				GCC_WARN_UNDECLARED_SELECTOR = YES;
				GCC_WARN_UNINITIALIZED_AUTOS = YES_AGGRESSIVE;
				GCC_WARN_UNUSED_FUNCTION = YES;
				GCC_WARN_UNUSED_VARIABLE = YES;
				MACOSX_DEPLOYMENT_TARGET = 10.11;
				MTL_ENABLE_DEBUG_INFO = YES;
				ONLY_ACTIVE_ARCH = YES;
				SDKROOT = macosx;
			};
			name = Debug;
		};
		CF5CA7EF1C32270E003220BF /* Release */ = {
			isa = XCBuildConfiguration;
			buildSettings = {
				ALWAYS_SEARCH_USER_PATHS = NO;
				CLANG_CXX_LANGUAGE_STANDARD = "gnu++0x";
				CLANG_CXX_LIBRARY = "libc++";
				CLANG_ENABLE_MODULES = YES;
				CLANG_ENABLE_OBJC_ARC = YES;
				CLANG_WARN_BOOL_CONVERSION = YES;
				CLANG_WARN_CONSTANT_CONVERSION = YES;
				CLANG_WARN_DIRECT_OBJC_ISA_USAGE = YES_ERROR;
				CLANG_WARN_EMPTY_BODY = YES;
				CLANG_WARN_ENUM_CONVERSION = YES;
				CLANG_WARN_INT_CONVERSION = YES;
				CLANG_WARN_OBJC_ROOT_CLASS = YES_ERROR;
				CLANG_WARN_UNREACHABLE_CODE = YES;
				CLANG_WARN__DUPLICATE_METHOD_MATCH = YES;
				CODE_SIGN_IDENTITY = "-";
				COPY_PHASE_STRIP = NO;
				DEBUG_INFORMATION_FORMAT = "dwarf-with-dsym";
				ENABLE_NS_ASSERTIONS = NO;
				ENABLE_STRICT_OBJC_MSGSEND = YES;
				GCC_C_LANGUAGE_STANDARD = gnu99;
				GCC_NO_COMMON_BLOCKS = YES;
				GCC_WARN_64_TO_32_BIT_CONVERSION = YES;
				GCC_WARN_ABOUT_RETURN_TYPE = YES_ERROR;
				GCC_WARN_UNDECLARED_SELECTOR = YES;
				GCC_WARN_UNINITIALIZED_AUTOS = YES_AGGRESSIVE;
				GCC_WARN_UNUSED_FUNCTION = YES;
				GCC_WARN_UNUSED_VARIABLE = YES;
				MACOSX_DEPLOYMENT_TARGET = 10.11;
				MTL_ENABLE_DEBUG_INFO = NO;
				SDKROOT = macosx;
			};
			name = Release;
		};
		CF5CA7F11C32270E003220BF /* Debug */ = {
			isa = XCBuildConfiguration;
			buildSettings = {
				PRODUCT_NAME = "$(TARGET_NAME)";
			};
			name = Debug;
		};
		CF5CA7F21C32270E003220BF /* Release */ = {
			isa = XCBuildConfiguration;
			buildSettings = {
				PRODUCT_NAME = "$(TARGET_NAME)";
			};
			name = Release;
		};
/* End XCBuildConfiguration section */

/* Begin XCConfigurationList section */
		CF5CA7E41C32270E003220BF /* Build configuration list for PBXProject "stackAndSequeneAndLinklist" */ = {
			isa = XCConfigurationList;
			buildConfigurations = (
				CF5CA7EE1C32270E003220BF /* Debug */,
				CF5CA7EF1C32270E003220BF /* Release */,
			);
			defaultConfigurationIsVisible = 0;
			defaultConfigurationName = Release;
		};
		CF5CA7F01C32270E003220BF /* Build configuration list for PBXNativeTarget "stackAndSequeneAndLinklist" */ = {
			isa = XCConfigurationList;
			buildConfigurations = (
				CF5CA7F11C32270E003220BF /* Debug */,
				CF5CA7F21C32270E003220BF /* Release */,
			);
			defaultConfigurationIsVisible = 0;
		};
/* End XCConfigurationList section */
	};
	rootObject = CF5CA7E11C32270E003220BF /* Project object */;
}
